
Microsoft Visual Studio Solution File, Format Version 11.00
# Visual Studio 2010
Project("{FAE04EC0-301F-11D3-BF4B-00C04F79EFBC}") = "FishViewer_2", "Assembly-CSharp.csproj", "{FAC2D02B-E23A-AFC2-1357-965BEC78480B}"
EndProject
Global
	GlobalSection(SolutionConfigurationPlatforms) = preSolution
		Debug|Any CPU = Debug|Any CPU
		Release|Any CPU = Release|Any CPU
	EndGlobalSection
	GlobalSection(ProjectConfigurationPlatforms) = postSolution
		{FAC2D02B-E23A-AFC2-1357-965BEC78480B}.Debug|Any CPU.ActiveCfg = Debug|Any CPU
		{FAC2D02B-E23A-AFC2-1357-965BEC78480B}.Debug|Any CPU.Build.0 = Debug|Any CPU
		{FAC2D02B-E23A-AFC2-1357-965BEC78480B}.Release|Any CPU.ActiveCfg = Release|Any CPU
		{FAC2D02B-E23A-AFC2-1357-965BEC78480B}.Release|Any CPU.Build.0 = Release|Any CPU
	EndGlobalSection
	GlobalSection(SolutionProperties) = preSolution
		HideSolutionNode = FALSE
	EndGlobalSection
	GlobalSection(MonoDevelopProperties) = preSolution
		StartupItem = Assembly-CSharp.csproj
	EndGlobalSection
EndGlobal
